
Microsoft Visual Studio Solution File, Format Version 12.00
# Visual Studio 15
VisualStudioVersion = 15.0.28307.489
MinimumVisualStudioVersion = 10.0.40219.1
Project("{FAE04EC0-301F-11D3-BF4B-00C04F79EFBC}") = "WebUI", "WebUI\WebUI.csproj", "{84342AD0-2530-440B-8FA7-B455AF9D8D65}"
EndProject
Project("{FAE04EC0-301F-11D3-BF4B-00C04F79EFBC}") = "Domain", "Domain\Domain.csproj", "{FBEBCCB7-FAF0-451B-B706-BD352BBCF860}"
EndProject
Project("{FAE04EC0-301F-11D3-BF4B-00C04F79EFBC}") = "UnitTests", "UnitTests\UnitTests.csproj", "{671064BA-509B-463E-BC3A-27B8693A5859}"
EndProject
Global
	GlobalSection(SolutionConfigurationPlatforms) = preSolution
		Debug|Any CPU = Debug|Any CPU
		Release|Any CPU = Release|Any CPU
	EndGlobalSection
	GlobalSection(ProjectConfigurationPlatforms) = postSolution
		{84342AD0-2530-440B-8FA7-B455AF9D8D65}.Debug|Any CPU.ActiveCfg = Debug|Any CPU
		{84342AD0-2530-440B-8FA7-B455AF9D8D65}.Debug|Any CPU.Build.0 = Debug|Any CPU
		{84342AD0-2530-440B-8FA7-B455AF9D8D65}.Release|Any CPU.ActiveCfg = Release|Any CPU
		{84342AD0-2530-440B-8FA7-B455AF9D8D65}.Release|Any CPU.Build.0 = Release|Any CPU
		{FBEBCCB7-FAF0-451B-B706-BD352BBCF860}.Debug|Any CPU.ActiveCfg = Debug|Any CPU
		{FBEBCCB7-FAF0-451B-B706-BD352BBCF860}.Debug|Any CPU.Build.0 = Debug|Any CPU
		{FBEBCCB7-FAF0-451B-B706-BD352BBCF860}.Release|Any CPU.ActiveCfg = Release|Any CPU
		{FBEBCCB7-FAF0-451B-B706-BD352BBCF860}.Release|Any CPU.Build.0 = Release|Any CPU
		{671064BA-509B-463E-BC3A-27B8693A5859}.Debug|Any CPU.ActiveCfg = Debug|Any CPU
		{671064BA-509B-463E-BC3A-27B8693A5859}.Debug|Any CPU.Build.0 = Debug|Any CPU
		{671064BA-509B-463E-BC3A-27B8693A5859}.Release|Any CPU.ActiveCfg = Release|Any CPU
		{671064BA-509B-463E-BC3A-27B8693A5859}.Release|Any CPU.Build.0 = Release|Any CPU
	EndGlobalSection
	GlobalSection(SolutionProperties) = preSolution
		HideSolutionNode = FALSE
	EndGlobalSection
	GlobalSection(ExtensibilityGlobals) = postSolution
		SolutionGuid = {2862EB7F-9B28-4D35-B755-1B6139BAB452}
	EndGlobalSection
EndGlobal
